
Microsoft Visual Studio Solution File, Format Version 12.00
# Visual Studio 2012
Project("{FAE04EC0-301F-11D3-BF4B-00C04F79EFBC}") = "SupplierPortal", "SupplierPortal\SupplierPortal.csproj", "{EE228C33-51E4-48E9-B1D0-E6C57162F09A}"
EndProject
Global
	GlobalSection(SolutionConfigurationPlatforms) = preSolution
		Debug|Any CPU = Debug|Any CPU
		Release|Any CPU = Release|Any CPU
	EndGlobalSection
	GlobalSection(ProjectConfigurationPlatforms) = postSolution
		{EE228C33-51E4-48E9-B1D0-E6C57162F09A}.Debug|Any CPU.ActiveCfg = Debug|Any CPU
		{EE228C33-51E4-48E9-B1D0-E6C57162F09A}.Debug|Any CPU.Build.0 = Debug|Any CPU
		{EE228C33-51E4-48E9-B1D0-E6C57162F09A}.Release|Any CPU.ActiveCfg = Release|Any CPU
		{EE228C33-51E4-48E9-B1D0-E6C57162F09A}.Release|Any CPU.Build.0 = Release|Any CPU
	EndGlobalSection
	GlobalSection(SolutionProperties) = preSolution
		HideSolutionNode = FALSE
	EndGlobalSection
EndGlobal
